# This file was autogenerated by Stack.
# You should not edit this file by hand.
# For more information, please see the documentation at:
#   https://docs.haskellstack.org/en/stable/topics/lock_files

packages:
- completed:
    hackage: yjtools-0.9.18@sha256:a455d9143191adead5dd0d82a60f82854ec2ce15289841aa20f7edbe2b586bae,770
    pantry-tree:
      sha256: 1cd48635fc391c7aa3cd606f1ac33428276feffdf5bda72dc07c2c00b0bb22b9
      size: 577
  original:
    hackage: yjtools-0.9.18
snapshots:
- completed:
    sha256: abc790b571e0c70e929db74b329e3c18d7e76a6e173e8bdf94f1ba20770d4c24
    size: 728990
    url: https://raw.githubusercontent.com/commercialhaskell/stackage-snapshots/master/lts/24/38.yaml
  original: lts-24.38
