# This file was autogenerated by Stack.
# You should not edit this file by hand.
# For more information, please see the documentation at:
#   https://docs.haskellstack.org/en/stable/lock_files

packages:
- completed:
    hackage: yjtools-0.9.18@sha256:a455d9143191adead5dd0d82a60f82854ec2ce15289841aa20f7edbe2b586bae,770
    pantry-tree:
      size: 577
      sha256: 1cd48635fc391c7aa3cd606f1ac33428276feffdf5bda72dc07c2c00b0bb22b9
  original:
    hackage: yjtools-0.9.18
snapshots:
- completed:
    size: 524799
    url: https://raw.githubusercontent.com/commercialhaskell/stackage-snapshots/master/lts/14/17.yaml
    sha256: 1d72b33c0fc048e23f4f18fd76a6ad79dd1d8a3c054644098a71a09855e40c7c
  original: lts-14.17
